github.com/daaku/ensure v1.0.1 h1:nnbJcD3PSxo6Jm7p8ODuw9WdMCHceF+z4fs+xCbj+PU=
github.com/daaku/ensure v1.0.1/go.mod h1:DtAAnvKyntGyC/wijZKtC48R79j6YDoePh1/idKgDwc=
github.com/davecgh/go-spew v1.1.1 h1:vj9j/u1bqnvCEfJOwUhtlOARqs3+rkHYY13jYWTU97c=
github.com/davecgh/go-spew v1.1.1/go.mod h1:J7Y8YcW2NihsgmVo/mv3lAwl/skON4iLHjSsI+c5H38=
github.com/klauspost/compress v1.19.2 h1:hMRETovs/pu/dVWN7zIT1PGG8t509MwT6bO7XSi26R8=
github.com/klauspost/compress v1.19.2/go.mod h1:cwPg85FWrGar70rWktvGQj8/hthj3wpl0PGDogxkrSQ=
github.com/shamaton/msgpack/v2 v2.4.2 h1:ukiqiwF8rIb8EG6hD8iPha3g85AC7EdCxFyobDj6oHk=
github.com/shamaton/msgpack/v2 v2.4.2/go.mod h1:6khjYnkx73f7VQU7wjcFS9DFjs+59naVWJv1TB7qdOI=
golang.org/x/crypto v0.55.0 h1:+KWHjbgOaAQ66dh/YlkZKHlz9ZUlq61AFirAR9ntP8M=
golang.org/x/crypto v0.55.0/go.mod h1:uq0V9dE/fzQuJtbnL+2EhWOE63vo164FY8xqEnV9xis=
golang.org/x/sys v0.47.0 h1:o7XGOvZQCADBQQ4Y7VNq2dRWQR7JmOUW8Kxx4ZsNgWs=
golang.org/x/sys v0.47.0/go.mod h1:4GL1E5IUh+htKOUEOaiffhrAeqysfVGipDYzABqnCmw=
